# THIS IS AN AUTOGENERATED FILE. DO NOT EDIT THIS FILE DIRECTLY.
# yarn lockfile v1


"animate.css@^3.6.1":
  "integrity" "sha512-0bE8zYo7C0KvgOYrSVfrzkbYk6IOTVPNqkiHg2cbyF4Pq/PXzilz4BRWA3hwEUBoMp5VBgrC29lQIZyhRWdBTw=="
  "resolved" "https://mirrors.cloud.tencent.com/npm/animate.css/-/animate.css-3.7.2.tgz"
  "version" "3.7.2"

"balanced-match@^1.0.0":
  "integrity" "sha512-3oSeUO0TMV67hN1AmbXsK4yaqU7tjiHlbxRDZOpH0KW9+CeX4bRAaX0Anxt0tx2MrpRpWwQaPwIlISEJhYU5Pw=="
  "resolved" "https://mirrors.cloud.tencent.com/npm/balanced-match/-/balanced-match-1.0.2.tgz"
  "version" "1.0.2"

"binary@>= 0.3.0 < 1":
  "integrity" "sha1-n2BVO8XOjDOG87VTz/R0Yq3sqnk="
  "resolved" "https://mirrors.cloud.tencent.com/npm/binary/-/binary-0.3.0.tgz"
  "version" "0.3.0"
  dependencies:
    "buffers" "~0.1.1"
    "chainsaw" "~0.1.0"

"brace-expansion@^1.1.7":
  "integrity" "sha512-iCuPHDFgrHX7H2vEI/5xpz07zSHB00TpugqhmYtVmMO6518mCuRMoOYFldEBl0g187ufozdaHgWKcYFb61qGiA=="
  "resolved" "https://mirrors.tencent.com/npm/brace-expansion/-/brace-expansion-1.1.11.tgz"
  "version" "1.1.11"
  dependencies:
    "balanced-match" "^1.0.0"
    "concat-map" "0.0.1"

"buffers@~0.1.1":
  "integrity" "sha1-skV5w77U1tOWru5tmorn9Ugqt7s="
  "resolved" "https://mirrors.tencent.com/npm/buffers/-/buffers-0.1.1.tgz"
  "version" "0.1.1"

"canvas-renderer@~2.0.1":
  "version" "2.0.1"

"chainsaw@~0.1.0":
  "integrity" "sha1-XqtQsor+WAdNDVgpE4iCi15fvJg="
  "resolved" "https://mirrors.tencent.com/npm/chainsaw/-/chainsaw-0.1.0.tgz"
  "version" "0.1.0"
  dependencies:
    "traverse" ">=0.3.0 <0.4"

"concat-map@0.0.1":
  "integrity" "sha1-2Klr13/Wjfd5OnMDajug1UBdR3s="
  "resolved" "https://mirrors.tencent.com/npm/concat-map/-/concat-map-0.0.1.tgz"
  "version" "0.0.1"

"core-util-is@~1.0.0":
  "integrity" "sha512-ZQBvi1DcpJ4GDqanjucZ2Hj3wEO5pZDS89BWbkcrvdxksJorwUDDZamX9ldFkp9aw2lmBDLgkObEA4DWNJ9FYQ=="
  "resolved" "https://mirrors.cloud.tencent.com/npm/core-util-is/-/core-util-is-1.0.3.tgz"
  "version" "1.0.3"

"fs.realpath@^1.0.0":
  "integrity" "sha1-FQStJSMVjKpA20onh8sBQRmU6k8="
  "resolved" "https://mirrors.tencent.com/npm/fs.realpath/-/fs.realpath-1.0.0.tgz"
  "version" "1.0.0"

"fstream@>= 0.1.30 < 1":
  "integrity" "sha1-czfwWPu7vvqMn1YaKMqwhJICyYg="
  "resolved" "https://mirrors.cloud.tencent.com/npm/fstream/-/fstream-0.1.31.tgz"
  "version" "0.1.31"
  dependencies:
    "graceful-fs" "~3.0.2"
    "inherits" "~2.0.0"
    "mkdirp" "0.5"
    "rimraf" "2"

"fuse.js@^3.4.6":
  "integrity" "sha512-hT9yh/tiinkmirKrlv4KWOjztdoZo1mx9Qh4KvWqC7isoXwdUY3PNWUxceF4/qO9R6riA2C29jdTOeQOIROjgw=="
  "resolved" "https://mirrors.cloud.tencent.com/npm/fuse.js/-/fuse.js-3.6.1.tgz"
  "version" "3.6.1"

"gitment@0.0.3":
  "integrity" "sha1-28y610gLE0W2VpE71w7/eSp7OLg="
  "resolved" "https://mirrors.cloud.tencent.com/npm/gitment/-/gitment-0.0.3.tgz"
  "version" "0.0.3"
  dependencies:
    "mobx" "^3.1.7"

"glob@^7.1.3":
  "integrity" "sha512-nFR0zLpU2YCaRxwoCJvL6UvCH2JFyFVIvwTLsIf21AuHlMskA1hhTdk+LlYJtOlYt9v6dvszD2BGRqBL+iQK9Q=="
  "resolved" "https://mirrors.tencent.com/npm/glob/-/glob-7.2.3.tgz"
  "version" "7.2.3"
  dependencies:
    "fs.realpath" "^1.0.0"
    "inflight" "^1.0.4"
    "inherits" "2"
    "minimatch" "^3.1.1"
    "once" "^1.3.0"
    "path-is-absolute" "^1.0.0"

"graceful-fs@~3.0.2":
  "integrity" "sha512-J55gaCS4iTTJfTXIxSVw3EMQckcqkpdRv3IR7gu6sq0+tbC363Zx6KH/SEwXASK9JRbhyZmVjJEVJIOxYsB3Qg=="
  "resolved" "https://mirrors.tencent.com/npm/graceful-fs/-/graceful-fs-3.0.12.tgz"
  "version" "3.0.12"
  dependencies:
    "natives" "^1.1.3"

"headroom.js@^0.11.0":
  "integrity" "sha512-yI4ciZRD1WH22wa5uJDg2kMtRvhJwUJWo2l41Eby0BoAD+lzXL98lf5jDFxP4Q5W3HmlrpfItSfmqc3jCtasbw=="
  "resolved" "https://mirrors.cloud.tencent.com/npm/headroom.js/-/headroom.js-0.11.0.tgz"
  "version" "0.11.0"

"inflight@^1.0.4":
  "integrity" "sha1-Sb1jMdfQLQwJvJEKEHW6gWW1bfk="
  "resolved" "https://mirrors.tencent.com/npm/inflight/-/inflight-1.0.6.tgz"
  "version" "1.0.6"
  dependencies:
    "once" "^1.3.0"
    "wrappy" "1"

"inherits@~2.0.0", "inherits@~2.0.1", "inherits@2":
  "integrity" "sha512-k/vGaX4/Yla3WzyMCvTQOXYeIHvqOKtnqBduzTHpzpQZzAskKMhZ2K+EnBiSM9zGSoIFeMpXKxa4dYeZIQqewQ=="
  "resolved" "https://mirrors.tencent.com/npm/inherits/-/inherits-2.0.4.tgz"
  "version" "2.0.4"

"isarray@0.0.1":
  "integrity" "sha1-ihis/Kmo9Bd+Cav8YDiTmwXR7t8="
  "resolved" "https://mirrors.tencent.com/npm/isarray/-/isarray-0.0.1.tgz"
  "version" "0.0.1"

"jdenticon@^2.1.0":
  "version" "2.1.0"
  dependencies:
    "canvas-renderer" "~2.0.1"

"jquery@>=1.7.0":
  "integrity" "sha512-JVzAR/AjBvVt2BmYhxRCSYysDsPcssdmTFnzyLEts9qNwmjmu4JTAMYubEfwVOSwpQ1I1sKKFcxhZCI2buerfw=="
  "resolved" "https://mirrors.cloud.tencent.com/npm/jquery/-/jquery-3.6.0.tgz"
  "version" "3.6.0"

"js-cookie@^2.2.0":
  "integrity" "sha512-HvdH2LzI/EAZcUwA8+0nKNtWHqS+ZmijLA30RwZA0bo7ToCckjK5MkGhjED9KoRcXO6BaGI3I9UIzSA1FKFPOQ=="
  "resolved" "https://mirrors.cloud.tencent.com/npm/js-cookie/-/js-cookie-2.2.1.tgz"
  "version" "2.2.1"

"jshashes@^1.0.8":
  "integrity" "sha512-btmQZ/w1rj8Lb6nEwvhjM7nBYoj54yaEFo2PWh3RkxZ8qNwuvOxvQYN/JxVuwoMmdIluL+XwYVJ+pEEZoSYybQ=="
  "resolved" "https://mirrors.cloud.tencent.com/npm/jshashes/-/jshashes-1.0.8.tgz"
  "version" "1.0.8"

"lg-zoom@^1.1.0":
  "integrity" "sha512-+hZmeZ3DQslAA19tpKSA3kpiwrbB/weRC7b7GiCQEqDaEon1mp1RDQKHfx32gbbeQNGVhBFAiSvB3OHbimVmbg=="
  "resolved" "https://mirrors.cloud.tencent.com/npm/lg-zoom/-/lg-zoom-1.3.0.tgz"
  "version" "1.3.0"
  dependencies:
    "jquery" ">=1.7.0"

"loadjs@^4.2.0":
  "integrity" "sha512-AgQGZisAlTPbTEzrHPb6q+NYBMD+DP9uvGSIjSUM5uG+0jG15cb8axWpxuOIqrmQjn6scaaH8JwloiP27b2KXA=="
  "resolved" "https://mirrors.tencent.com/npm/loadjs/-/loadjs-4.2.0.tgz"
  "version" "4.2.0"

"match-stream@>= 0.0.2 < 1":
  "integrity" "sha1-mesFAJOzTf+t5CG5rAtBCpz6F88="
  "resolved" "https://mirrors.cloud.tencent.com/npm/match-stream/-/match-stream-0.0.2.tgz"
  "version" "0.0.2"
  dependencies:
    "buffers" "~0.1.1"
    "readable-stream" "~1.0.0"

"minimatch@^3.1.1":
  "integrity" "sha512-J7p63hRiAjw1NDEww1W7i37+ByIrOWO5XQQAzZ3VOcL0PNybwpfmV/N05zFAzwQ9USyEcX6t3UO+K5aqBQOIHw=="
  "resolved" "https://mirrors.tencent.com/npm/minimatch/-/minimatch-3.1.2.tgz"
  "version" "3.1.2"
  dependencies:
    "brace-expansion" "^1.1.7"

"minimist@^1.2.6":
  "integrity" "sha512-Jsjnk4bw3YJqYzbdyBiNsPWHPfO++UGG749Cxs6peCu5Xg4nrena6OVxOYxrQTqww0Jmwt+Ref8rggumkTLz9Q=="
  "resolved" "https://mirrors.tencent.com/npm/minimist/-/minimist-1.2.6.tgz"
  "version" "1.2.6"

"mkdirp@0.5":
  "integrity" "sha512-FP+p8RB8OWpF3YZBCrP5gtADmtXApB5AMLn+vdyA+PyxCjrCs00mjyUozssO33cwDeT3wNGdLxJ5M//YqtHAJw=="
  "resolved" "https://mirrors.cloud.tencent.com/npm/mkdirp/-/mkdirp-0.5.6.tgz"
  "version" "0.5.6"
  dependencies:
    "minimist" "^1.2.6"

"mobx@^3.1.7":
  "integrity" "sha512-Dq3boJFLpZEvuh5a/MbHLUIyN9XobKWIb0dBfkNOJffNkE3vtuY0C9kSDVpfH8BB0BPkVw8g22qCv7d05LEhKg=="
  "resolved" "https://mirrors.cloud.tencent.com/npm/mobx/-/mobx-3.6.2.tgz"
  "version" "3.6.2"

"natives@^1.1.3":
  "integrity" "sha512-6+TDFewD4yxY14ptjKaS63GVdtKiES1pTPyxn9Jb0rBqPMZ7VcCiooEhPNsr+mqHtMGxa/5c/HhcC4uPEUw/nA=="
  "resolved" "https://mirrors.cloud.tencent.com/npm/natives/-/natives-1.1.6.tgz"
  "version" "1.1.6"

"noty@^3.2.0-beta":
  "integrity" "sha512-ntRbHuQ9SnnnVFZm/oq5L1DBCaHQUvsU24AwZH3PGjAWx2YqR/IhOadMk11vmJovYiQo00oqTj6Hp+D6PGtmLA=="
  "resolved" "https://mirrors.cloud.tencent.com/npm/noty/-/noty-3.2.0-beta-deprecated.tgz"
  "version" "3.2.0-beta-deprecated"

"once@^1.3.0":
  "integrity" "sha1-WDsap3WWHUsROsF9nFC6753Xa9E="
  "resolved" "https://mirrors.cloud.tencent.com/npm/once/-/once-1.4.0.tgz"
  "version" "1.4.0"
  dependencies:
    "wrappy" "1"

"over@>= 0.0.5 < 1":
  "integrity" "sha1-8phS5w/X4l82DgE6jsRMgq7bVwg="
  "resolved" "https://mirrors.cloud.tencent.com/npm/over/-/over-0.0.5.tgz"
  "version" "0.0.5"

"path-is-absolute@^1.0.0":
  "integrity" "sha1-F0uSaHNVNP+8es5r9TpanhtcX18="
  "resolved" "https://mirrors.tencent.com/npm/path-is-absolute/-/path-is-absolute-1.0.1.tgz"
  "version" "1.0.1"

"popper.js@^1.16.0":
  "integrity" "sha512-Wb4p1J4zyFTbM+u6WuO4XstYx4Ky9Cewe4DWrel7B0w6VVICvPwdOpotjzcf6eD8TsckVnIMNONQyPIUFOUbCQ=="
  "resolved" "https://mirrors.tencent.com/npm/popper.js/-/popper.js-1.16.1.tgz"
  "version" "1.16.1"

"pullstream@>= 0.4.1 < 1":
  "integrity" "sha1-1vs79a7Wl+gxFQ6xACwlo/iuExQ="
  "resolved" "https://mirrors.cloud.tencent.com/npm/pullstream/-/pullstream-0.4.1.tgz"
  "version" "0.4.1"
  dependencies:
    "over" ">= 0.0.5 < 1"
    "readable-stream" "~1.0.31"
    "setimmediate" ">= 1.0.2 < 2"
    "slice-stream" ">= 1.0.0 < 2"

"readable-stream@~1.0.0", "readable-stream@~1.0.31":
  "integrity" "sha1-Elgg40vIQtLyqq+v5MKRbuMsFXw="
  "resolved" "https://mirrors.tencent.com/npm/readable-stream/-/readable-stream-1.0.34.tgz"
  "version" "1.0.34"
  dependencies:
    "core-util-is" "~1.0.0"
    "inherits" "~2.0.1"
    "isarray" "0.0.1"
    "string_decoder" "~0.10.x"

"rimraf@2":
  "integrity" "sha512-uWjbaKIK3T1OSVptzX7Nl6PvQ3qAGtKEtVRjRuazjfL3Bx5eI409VZSqgND+4UNnmzLVdPj9FqFJNPqBZFve4w=="
  "resolved" "https://mirrors.tencent.com/npm/rimraf/-/rimraf-2.7.1.tgz"
  "version" "2.7.1"
  dependencies:
    "glob" "^7.1.3"

"setimmediate@>= 1.0.1 < 2", "setimmediate@>= 1.0.2 < 2":
  "integrity" "sha1-KQy7Iy4waULX1+qbg3Mqt4VvgoU="
  "resolved" "https://mirrors.tencent.com/npm/setimmediate/-/setimmediate-1.0.5.tgz"
  "version" "1.0.5"

"slice-stream@>= 1.0.0 < 2":
  "integrity" "sha1-WzO9ZvATsaf4ZGCwPUY97DmtPqA="
  "resolved" "https://mirrors.cloud.tencent.com/npm/slice-stream/-/slice-stream-1.0.0.tgz"
  "version" "1.0.0"
  dependencies:
    "readable-stream" "~1.0.31"

"string_decoder@~0.10.x":
  "integrity" "sha1-YuIDvEF2bGwoyfyEMB2rHFMQ+pQ="
  "resolved" "https://mirrors.tencent.com/npm/string_decoder/-/string_decoder-0.10.31.tgz"
  "version" "0.10.31"

"striptags@^3.1.1":
  "integrity" "sha512-g45ZOGzHDMe2bdYMdIvdAfCQkCTDMGBazSw1ypMowwGIee7ZQ5dU0rBJ8Jqgl+jAKIv4dbeE1jscZq9wid1Tkw=="
  "resolved" "https://mirrors.tencent.com/npm/striptags/-/striptags-3.2.0.tgz"
  "version" "3.2.0"

"tippy.js@^5.2.1":
  "integrity" "sha512-66UT6JRVn3dXNCORE+0UvUK3JZqV/VhLlU6HTDm3FmrweUUFUxUGvT8tUQ7ycMp+uhuLAwQw6dBabyC+iKf/MA=="
  "resolved" "https://mirrors.cloud.tencent.com/npm/tippy.js/-/tippy.js-5.2.1.tgz"
  "version" "5.2.1"
  dependencies:
    "popper.js" "^1.16.0"

"traverse@>=0.3.0 <0.4":
  "integrity" "sha1-cXuPIgzAu3tE5AUUwisui7xw2Lk="
  "resolved" "https://mirrors.tencent.com/npm/traverse/-/traverse-0.3.9.tgz"
  "version" "0.3.9"

"unzip@^0.1.11":
  "integrity" "sha1-iXScY7BY19kNYZ+GuYqhU107l/A="
  "resolved" "https://mirrors.tencent.com/npm/unzip/-/unzip-0.1.11.tgz"
  "version" "0.1.11"
  dependencies:
    "binary" ">= 0.3.0 < 1"
    "fstream" ">= 0.1.30 < 1"
    "match-stream" ">= 0.0.2 < 1"
    "pullstream" ">= 0.4.1 < 1"
    "readable-stream" "~1.0.31"
    "setimmediate" ">= 1.0.1 < 2"

"wrappy@1":
  "integrity" "sha1-tSQ9jz7BqjXxNkYFvA0QNuMKtp8="
  "resolved" "https://mirrors.tencent.com/npm/wrappy/-/wrappy-1.0.2.tgz"
  "version" "1.0.2"
